
Microsoft Visual Studio Solution File, Format Version 12.00
Project("{FAE04EC0-301F-11D3-BF4B-00C04F79EFBC}") = "DeviceSpace.Console", "DeviceSpace.Console\DeviceSpace.Console.csproj", "{B77F3172-6024-4E4A-A2BB-6B0D49290C14}"
EndProject
Project("{FAE04EC0-301F-11D3-BF4B-00C04F79EFBC}") = "DeviceSpace.Core", "DeviceSpace.Core\DeviceSpace.Core.csproj", "{F45A52B1-A014-4E65-A08B-1E793DD8064C}"
EndProject
Project("{FAE04EC0-301F-11D3-BF4B-00C04F79EFBC}") = "DeviceSpace.Common", "DeviceSpace.Common\DeviceSpace.Common.csproj", "{5534FF98-046B-41B2-BC66-8969DDE87303}"
EndProject
Project("{FAE04EC0-301F-11D3-BF4B-00C04F79EFBC}") = "Device.Plc.Suite", "Device.Plc.Suite\Device.Plc.Suite.csproj", "{4DE87AB5-F321-4262-8783-F0BBCD8E0178}"
EndProject
Project("{FAE04EC0-301F-11D3-BF4B-00C04F79EFBC}") = "Device.Printer.Suite", "Device.Printer.Suite\Device.Printer.Suite.csproj", "{C1059026-E9ED-416D-BDD8-51029E0DF139}"
EndProject
Project("{9A19103F-16F7-4668-BE54-9A1E7A4F7556}") = "Device.ActiveMQ", "Device.ActiveMQ\Device.ActiveMQ.csproj", "{AFF84EEF-69DE-43FC-84DD-F7019DBD4435}"
EndProject
Project("{FAE04EC0-301F-11D3-BF4B-00C04F79EFBC}") = "Workflow.PrintAndApply.Frc", "Workflow.PrintAndApply.Frc\Workflow.PrintAndApply.Frc.csproj", "{607E2B8C-8456-448E-A122-2661B89CBF83}"
EndProject
Project("{FAE04EC0-301F-11D3-BF4B-00C04F79EFBC}") = "FireBuilder", "FireBuilder\FireBuilder.csproj", "{091C8AD7-3146-48F3-BCF6-68E3DFE94032}"
EndProject
Project("{FAE04EC0-301F-11D3-BF4B-00C04F79EFBC}") = "Workflow.PrintAndAppySimulation.FRC", "Workflow.PrintAndAppySimulation.FRC\Workflow.PrintAndAppySimulation.FRC.csproj", "{B0591D24-76CF-400A-A011-0A07B4E5CD76}"
EndProject
Project("{FAE04EC0-301F-11D3-BF4B-00C04F79EFBC}") = "Device.Support.CLI", "Device.Support.CLI\Device.Support.CLI.csproj", "{914E1F4C-DDCE-422A-8DC4-C3D37A7FE485}"
EndProject
Project("{FAE04EC0-301F-11D3-BF4B-00C04F79EFBC}") = "Device.Api.Suite", "Device.Api.Suite\Device.Api.Suite.csproj", "{5D3093D1-12CF-4721-8143-948BA2FC148B}"
EndProject
Project("{FAE04EC0-301F-11D3-BF4B-00C04F79EFBC}") = "Device.Database.Suite", "Device.Database.Suite\Device.Database.Suite.csproj", "{6BA651B0-329A-4C5C-9C77-1D6C1813C9A5}"
EndProject
Project("{FAE04EC0-301F-11D3-BF4B-00C04F79EFBC}") = "Device.HostComm", "Device.HostComm\Device.HostComm.csproj", "{CB074F1C-315C-40EE-8233-ABF14534466C}"
EndProject
Project("{FAE04EC0-301F-11D3-BF4B-00C04F79EFBC}") = "Workflow.Sort.Standard", "Workflow.Sort.Standard\Workflow.Sort.Standard.csproj", "{44BB3398-1B2B-4575-B25B-9D4D831EC3B0}"
EndProject
Global
	GlobalSection(SolutionConfigurationPlatforms) = preSolution
		Debug|Any CPU = Debug|Any CPU
		Debug|x64 = Debug|x64
		Debug|x86 = Debug|x86
		Release|Any CPU = Release|Any CPU
		Release|x64 = Release|x64
		Release|x86 = Release|x86
	EndGlobalSection
	GlobalSection(ProjectConfigurationPlatforms) = postSolution
		{B77F3172-6024-4E4A-A2BB-6B0D49290C14}.Debug|Any CPU.ActiveCfg = Debug|Any CPU
		{B77F3172-6024-4E4A-A2BB-6B0D49290C14}.Debug|Any CPU.Build.0 = Debug|Any CPU
		{B77F3172-6024-4E4A-A2BB-6B0D49290C14}.Debug|x64.ActiveCfg = Debug|Any CPU
		{B77F3172-6024-4E4A-A2BB-6B0D49290C14}.Debug|x64.Build.0 = Debug|Any CPU
		{B77F3172-6024-4E4A-A2BB-6B0D49290C14}.Debug|x86.ActiveCfg = Debug|Any CPU
		{B77F3172-6024-4E4A-A2BB-6B0D49290C14}.Debug|x86.Build.0 = Debug|Any CPU
		{B77F3172-6024-4E4A-A2BB-6B0D49290C14}.Release|Any CPU.ActiveCfg = Release|Any CPU
		{B77F3172-6024-4E4A-A2BB-6B0D49290C14}.Release|Any CPU.Build.0 = Release|Any CPU
		{B77F3172-6024-4E4A-A2BB-6B0D49290C14}.Release|x64.ActiveCfg = Release|Any CPU
		{B77F3172-6024-4E4A-A2BB-6B0D49290C14}.Release|x64.Build.0 = Release|Any CPU
		{B77F3172-6024-4E4A-A2BB-6B0D49290C14}.Release|x86.ActiveCfg = Release|Any CPU
		{B77F3172-6024-4E4A-A2BB-6B0D49290C14}.Release|x86.Build.0 = Release|Any CPU
		{F45A52B1-A014-4E65-A08B-1E793DD8064C}.Debug|Any CPU.ActiveCfg = Debug|Any CPU
		{F45A52B1-A014-4E65-A08B-1E793DD8064C}.Debug|Any CPU.Build.0 = Debug|Any CPU
		{F45A52B1-A014-4E65-A08B-1E793DD8064C}.Debug|x64.ActiveCfg = Debug|Any CPU
		{F45A52B1-A014-4E65-A08B-1E793DD8064C}.Debug|x64.Build.0 = Debug|Any CPU
		{F45A52B1-A014-4E65-A08B-1E793DD8064C}.Debug|x86.ActiveCfg = Debug|Any CPU
		{F45A52B1-A014-4E65-A08B-1E793DD8064C}.Debug|x86.Build.0 = Debug|Any CPU
		{F45A52B1-A014-4E65-A08B-1E793DD8064C}.Release|Any CPU.ActiveCfg = Release|Any CPU
		{F45A52B1-A014-4E65-A08B-1E793DD8064C}.Release|Any CPU.Build.0 = Release|Any CPU
		{F45A52B1-A014-4E65-A08B-1E793DD8064C}.Release|x64.ActiveCfg = Release|Any CPU
		{F45A52B1-A014-4E65-A08B-1E793DD8064C}.Release|x64.Build.0 = Release|Any CPU
		{F45A52B1-A014-4E65-A08B-1E793DD8064C}.Release|x86.ActiveCfg = Release|Any CPU
		{F45A52B1-A014-4E65-A08B-1E793DD8064C}.Release|x86.Build.0 = Release|Any CPU
		{5534FF98-046B-41B2-BC66-8969DDE87303}.Debug|Any CPU.ActiveCfg = Debug|Any CPU
		{5534FF98-046B-41B2-BC66-8969DDE87303}.Debug|Any CPU.Build.0 = Debug|Any CPU
		{5534FF98-046B-41B2-BC66-8969DDE87303}.Debug|x64.ActiveCfg = Debug|Any CPU
		{5534FF98-046B-41B2-BC66-8969DDE87303}.Debug|x64.Build.0 = Debug|Any CPU
		{5534FF98-046B-41B2-BC66-8969DDE87303}.Debug|x86.ActiveCfg = Debug|Any CPU
		{5534FF98-046B-41B2-BC66-8969DDE87303}.Debug|x86.Build.0 = Debug|Any CPU
		{5534FF98-046B-41B2-BC66-8969DDE87303}.Release|Any CPU.ActiveCfg = Release|Any CPU
		{5534FF98-046B-41B2-BC66-8969DDE87303}.Release|Any CPU.Build.0 = Release|Any CPU
		{5534FF98-046B-41B2-BC66-8969DDE87303}.Release|x64.ActiveCfg = Release|Any CPU
		{5534FF98-046B-41B2-BC66-8969DDE87303}.Release|x64.Build.0 = Release|Any CPU
		{5534FF98-046B-41B2-BC66-8969DDE87303}.Release|x86.ActiveCfg = Release|Any CPU
		{5534FF98-046B-41B2-BC66-8969DDE87303}.Release|x86.Build.0 = Release|Any CPU
		{4DE87AB5-F321-4262-8783-F0BBCD8E0178}.Debug|Any CPU.ActiveCfg = Debug|Any CPU
		{4DE87AB5-F321-4262-8783-F0BBCD8E0178}.Debug|Any CPU.Build.0 = Debug|Any CPU
		{4DE87AB5-F321-4262-8783-F0BBCD8E0178}.Debug|x64.ActiveCfg = Debug|Any CPU
		{4DE87AB5-F321-4262-8783-F0BBCD8E0178}.Debug|x64.Build.0 = Debug|Any CPU
		{4DE87AB5-F321-4262-8783-F0BBCD8E0178}.Debug|x86.ActiveCfg = Debug|Any CPU
		{4DE87AB5-F321-4262-8783-F0BBCD8E0178}.Debug|x86.Build.0 = Debug|Any CPU
		{4DE87AB5-F321-4262-8783-F0BBCD8E0178}.Release|Any CPU.ActiveCfg = Release|Any CPU
		{4DE87AB5-F321-4262-8783-F0BBCD8E0178}.Release|Any CPU.Build.0 = Release|Any CPU
		{4DE87AB5-F321-4262-8783-F0BBCD8E0178}.Release|x64.ActiveCfg = Release|Any CPU
		{4DE87AB5-F321-4262-8783-F0BBCD8E0178}.Release|x64.Build.0 = Release|Any CPU
		{4DE87AB5-F321-4262-8783-F0BBCD8E0178}.Release|x86.ActiveCfg = Release|Any CPU
		{4DE87AB5-F321-4262-8783-F0BBCD8E0178}.Release|x86.Build.0 = Release|Any CPU
		{C1059026-E9ED-416D-BDD8-51029E0DF139}.Debug|Any CPU.ActiveCfg = Debug|Any CPU
		{C1059026-E9ED-416D-BDD8-51029E0DF139}.Debug|Any CPU.Build.0 = Debug|Any CPU
		{C1059026-E9ED-416D-BDD8-51029E0DF139}.Debug|x64.ActiveCfg = Debug|Any CPU
		{C1059026-E9ED-416D-BDD8-51029E0DF139}.Debug|x64.Build.0 = Debug|Any CPU
		{C1059026-E9ED-416D-BDD8-51029E0DF139}.Debug|x86.ActiveCfg = Debug|Any CPU
		{C1059026-E9ED-416D-BDD8-51029E0DF139}.Debug|x86.Build.0 = Debug|Any CPU
		{C1059026-E9ED-416D-BDD8-51029E0DF139}.Release|Any CPU.ActiveCfg = Release|Any CPU
		{C1059026-E9ED-416D-BDD8-51029E0DF139}.Release|Any CPU.Build.0 = Release|Any CPU
		{C1059026-E9ED-416D-BDD8-51029E0DF139}.Release|x64.ActiveCfg = Release|Any CPU
		{C1059026-E9ED-416D-BDD8-51029E0DF139}.Release|x64.Build.0 = Release|Any CPU
		{C1059026-E9ED-416D-BDD8-51029E0DF139}.Release|x86.ActiveCfg = Release|Any CPU
		{C1059026-E9ED-416D-BDD8-51029E0DF139}.Release|x86.Build.0 = Release|Any CPU
		{AFF84EEF-69DE-43FC-84DD-F7019DBD4435}.Debug|Any CPU.ActiveCfg = Debug|Any CPU
		{AFF84EEF-69DE-43FC-84DD-F7019DBD4435}.Debug|Any CPU.Build.0 = Debug|Any CPU
		{AFF84EEF-69DE-43FC-84DD-F7019DBD4435}.Debug|x64.ActiveCfg = Debug|Any CPU
		{AFF84EEF-69DE-43FC-84DD-F7019DBD4435}.Debug|x64.Build.0 = Debug|Any CPU
		{AFF84EEF-69DE-43FC-84DD-F7019DBD4435}.Debug|x86.ActiveCfg = Debug|Any CPU
		{AFF84EEF-69DE-43FC-84DD-F7019DBD4435}.Debug|x86.Build.0 = Debug|Any CPU
		{AFF84EEF-69DE-43FC-84DD-F7019DBD4435}.Release|Any CPU.ActiveCfg = Release|Any CPU
		{AFF84EEF-69DE-43FC-84DD-F7019DBD4435}.Release|Any CPU.Build.0 = Release|Any CPU
		{AFF84EEF-69DE-43FC-84DD-F7019DBD4435}.Release|x64.ActiveCfg = Release|Any CPU
		{AFF84EEF-69DE-43FC-84DD-F7019DBD4435}.Release|x64.Build.0 = Release|Any CPU
		{AFF84EEF-69DE-43FC-84DD-F7019DBD4435}.Release|x86.ActiveCfg = Release|Any CPU
		{AFF84EEF-69DE-43FC-84DD-F7019DBD4435}.Release|x86.Build.0 = Release|Any CPU
		{607E2B8C-8456-448E-A122-2661B89CBF83}.Debug|Any CPU.ActiveCfg = Debug|Any CPU
		{607E2B8C-8456-448E-A122-2661B89CBF83}.Debug|Any CPU.Build.0 = Debug|Any CPU
		{607E2B8C-8456-448E-A122-2661B89CBF83}.Debug|x64.ActiveCfg = Debug|Any CPU
		{607E2B8C-8456-448E-A122-2661B89CBF83}.Debug|x64.Build.0 = Debug|Any CPU
		{607E2B8C-8456-448E-A122-2661B89CBF83}.Debug|x86.ActiveCfg = Debug|Any CPU
		{607E2B8C-8456-448E-A122-2661B89CBF83}.Debug|x86.Build.0 = Debug|Any CPU
		{607E2B8C-8456-448E-A122-2661B89CBF83}.Release|Any CPU.ActiveCfg = Release|Any CPU
		{607E2B8C-8456-448E-A122-2661B89CBF83}.Release|Any CPU.Build.0 = Release|Any CPU
		{607E2B8C-8456-448E-A122-2661B89CBF83}.Release|x64.ActiveCfg = Release|Any CPU
		{607E2B8C-8456-448E-A122-2661B89CBF83}.Release|x64.Build.0 = Release|Any CPU
		{607E2B8C-8456-448E-A122-2661B89CBF83}.Release|x86.ActiveCfg = Release|Any CPU
		{607E2B8C-8456-448E-A122-2661B89CBF83}.Release|x86.Build.0 = Release|Any CPU
		{091C8AD7-3146-48F3-BCF6-68E3DFE94032}.Debug|Any CPU.ActiveCfg = Debug|Any CPU
		{091C8AD7-3146-48F3-BCF6-68E3DFE94032}.Debug|Any CPU.Build.0 = Debug|Any CPU
		{091C8AD7-3146-48F3-BCF6-68E3DFE94032}.Debug|x64.ActiveCfg = Debug|Any CPU
		{091C8AD7-3146-48F3-BCF6-68E3DFE94032}.Debug|x64.Build.0 = Debug|Any CPU
		{091C8AD7-3146-48F3-BCF6-68E3DFE94032}.Debug|x86.ActiveCfg = Debug|Any CPU
		{091C8AD7-3146-48F3-BCF6-68E3DFE94032}.Debug|x86.Build.0 = Debug|Any CPU
		{091C8AD7-3146-48F3-BCF6-68E3DFE94032}.Release|Any CPU.ActiveCfg = Release|Any CPU
		{091C8AD7-3146-48F3-BCF6-68E3DFE94032}.Release|Any CPU.Build.0 = Release|Any CPU
		{091C8AD7-3146-48F3-BCF6-68E3DFE94032}.Release|x64.ActiveCfg = Release|Any CPU
		{091C8AD7-3146-48F3-BCF6-68E3DFE94032}.Release|x64.Build.0 = Release|Any CPU
		{091C8AD7-3146-48F3-BCF6-68E3DFE94032}.Release|x86.ActiveCfg = Release|Any CPU
		{091C8AD7-3146-48F3-BCF6-68E3DFE94032}.Release|x86.Build.0 = Release|Any CPU
		{B0591D24-76CF-400A-A011-0A07B4E5CD76}.Debug|Any CPU.ActiveCfg = Debug|Any CPU
		{B0591D24-76CF-400A-A011-0A07B4E5CD76}.Debug|Any CPU.Build.0 = Debug|Any CPU
		{B0591D24-76CF-400A-A011-0A07B4E5CD76}.Debug|x64.ActiveCfg = Debug|Any CPU
		{B0591D24-76CF-400A-A011-0A07B4E5CD76}.Debug|x64.Build.0 = Debug|Any CPU
		{B0591D24-76CF-400A-A011-0A07B4E5CD76}.Debug|x86.ActiveCfg = Debug|Any CPU
		{B0591D24-76CF-400A-A011-0A07B4E5CD76}.Debug|x86.Build.0 = Debug|Any CPU
		{B0591D24-76CF-400A-A011-0A07B4E5CD76}.Release|Any CPU.ActiveCfg = Release|Any CPU
		{B0591D24-76CF-400A-A011-0A07B4E5CD76}.Release|Any CPU.Build.0 = Release|Any CPU
		{B0591D24-76CF-400A-A011-0A07B4E5CD76}.Release|x64.ActiveCfg = Release|Any CPU
		{B0591D24-76CF-400A-A011-0A07B4E5CD76}.Release|x64.Build.0 = Release|Any CPU
		{B0591D24-76CF-400A-A011-0A07B4E5CD76}.Release|x86.ActiveCfg = Release|Any CPU
		{B0591D24-76CF-400A-A011-0A07B4E5CD76}.Release|x86.Build.0 = Release|Any CPU
		{914E1F4C-DDCE-422A-8DC4-C3D37A7FE485}.Debug|Any CPU.ActiveCfg = Debug|Any CPU
		{914E1F4C-DDCE-422A-8DC4-C3D37A7FE485}.Debug|Any CPU.Build.0 = Debug|Any CPU
		{914E1F4C-DDCE-422A-8DC4-C3D37A7FE485}.Debug|x64.ActiveCfg = Debug|Any CPU
		{914E1F4C-DDCE-422A-8DC4-C3D37A7FE485}.Debug|x64.Build.0 = Debug|Any CPU
		{914E1F4C-DDCE-422A-8DC4-C3D37A7FE485}.Debug|x86.ActiveCfg = Debug|Any CPU
		{914E1F4C-DDCE-422A-8DC4-C3D37A7FE485}.Debug|x86.Build.0 = Debug|Any CPU
		{914E1F4C-DDCE-422A-8DC4-C3D37A7FE485}.Release|Any CPU.ActiveCfg = Release|Any CPU
		{914E1F4C-DDCE-422A-8DC4-C3D37A7FE485}.Release|Any CPU.Build.0 = Release|Any CPU
		{914E1F4C-DDCE-422A-8DC4-C3D37A7FE485}.Release|x64.ActiveCfg = Release|Any CPU
		{914E1F4C-DDCE-422A-8DC4-C3D37A7FE485}.Release|x64.Build.0 = Release|Any CPU
		{914E1F4C-DDCE-422A-8DC4-C3D37A7FE485}.Release|x86.ActiveCfg = Release|Any CPU
		{914E1F4C-DDCE-422A-8DC4-C3D37A7FE485}.Release|x86.Build.0 = Release|Any CPU
		{5D3093D1-12CF-4721-8143-948BA2FC148B}.Debug|Any CPU.ActiveCfg = Debug|Any CPU
		{5D3093D1-12CF-4721-8143-948BA2FC148B}.Debug|Any CPU.Build.0 = Debug|Any CPU
		{5D3093D1-12CF-4721-8143-948BA2FC148B}.Debug|x64.ActiveCfg = Debug|Any CPU
		{5D3093D1-12CF-4721-8143-948BA2FC148B}.Debug|x64.Build.0 = Debug|Any CPU
		{5D3093D1-12CF-4721-8143-948BA2FC148B}.Debug|x86.ActiveCfg = Debug|Any CPU
		{5D3093D1-12CF-4721-8143-948BA2FC148B}.Debug|x86.Build.0 = Debug|Any CPU
		{5D3093D1-12CF-4721-8143-948BA2FC148B}.Release|Any CPU.ActiveCfg = Release|Any CPU
		{5D3093D1-12CF-4721-8143-948BA2FC148B}.Release|Any CPU.Build.0 = Release|Any CPU
		{5D3093D1-12CF-4721-8143-948BA2FC148B}.Release|x64.ActiveCfg = Release|Any CPU
		{5D3093D1-12CF-4721-8143-948BA2FC148B}.Release|x64.Build.0 = Release|Any CPU
		{5D3093D1-12CF-4721-8143-948BA2FC148B}.Release|x86.ActiveCfg = Release|Any CPU
		{5D3093D1-12CF-4721-8143-948BA2FC148B}.Release|x86.Build.0 = Release|Any CPU
		{6BA651B0-329A-4C5C-9C77-1D6C1813C9A5}.Debug|Any CPU.ActiveCfg = Debug|Any CPU
		{6BA651B0-329A-4C5C-9C77-1D6C1813C9A5}.Debug|Any CPU.Build.0 = Debug|Any CPU
		{6BA651B0-329A-4C5C-9C77-1D6C1813C9A5}.Debug|x64.ActiveCfg = Debug|Any CPU
		{6BA651B0-329A-4C5C-9C77-1D6C1813C9A5}.Debug|x64.Build.0 = Debug|Any CPU
		{6BA651B0-329A-4C5C-9C77-1D6C1813C9A5}.Debug|x86.ActiveCfg = Debug|Any CPU
		{6BA651B0-329A-4C5C-9C77-1D6C1813C9A5}.Debug|x86.Build.0 = Debug|Any CPU
		{6BA651B0-329A-4C5C-9C77-1D6C1813C9A5}.Release|Any CPU.ActiveCfg = Release|Any CPU
		{6BA651B0-329A-4C5C-9C77-1D6C1813C9A5}.Release|Any CPU.Build.0 = Release|Any CPU
		{6BA651B0-329A-4C5C-9C77-1D6C1813C9A5}.Release|x64.ActiveCfg = Release|Any CPU
		{6BA651B0-329A-4C5C-9C77-1D6C1813C9A5}.Release|x64.Build.0 = Release|Any CPU
		{6BA651B0-329A-4C5C-9C77-1D6C1813C9A5}.Release|x86.ActiveCfg = Release|Any CPU
		{6BA651B0-329A-4C5C-9C77-1D6C1813C9A5}.Release|x86.Build.0 = Release|Any CPU
		{CB074F1C-315C-40EE-8233-ABF14534466C}.Debug|Any CPU.ActiveCfg = Debug|Any CPU
		{CB074F1C-315C-40EE-8233-ABF14534466C}.Debug|Any CPU.Build.0 = Debug|Any CPU
		{CB074F1C-315C-40EE-8233-ABF14534466C}.Debug|x64.ActiveCfg = Debug|Any CPU
		{CB074F1C-315C-40EE-8233-ABF14534466C}.Debug|x64.Build.0 = Debug|Any CPU
		{CB074F1C-315C-40EE-8233-ABF14534466C}.Debug|x86.ActiveCfg = Debug|Any CPU
		{CB074F1C-315C-40EE-8233-ABF14534466C}.Debug|x86.Build.0 = Debug|Any CPU
		{CB074F1C-315C-40EE-8233-ABF14534466C}.Release|Any CPU.ActiveCfg = Release|Any CPU
		{CB074F1C-315C-40EE-8233-ABF14534466C}.Release|Any CPU.Build.0 = Release|Any CPU
		{CB074F1C-315C-40EE-8233-ABF14534466C}.Release|x64.ActiveCfg = Release|Any CPU
		{CB074F1C-315C-40EE-8233-ABF14534466C}.Release|x64.Build.0 = Release|Any CPU
		{CB074F1C-315C-40EE-8233-ABF14534466C}.Release|x86.ActiveCfg = Release|Any CPU
		{CB074F1C-315C-40EE-8233-ABF14534466C}.Release|x86.Build.0 = Release|Any CPU
		{44BB3398-1B2B-4575-B25B-9D4D831EC3B0}.Debug|Any CPU.ActiveCfg = Debug|Any CPU
		{44BB3398-1B2B-4575-B25B-9D4D831EC3B0}.Debug|Any CPU.Build.0 = Debug|Any CPU
		{44BB3398-1B2B-4575-B25B-9D4D831EC3B0}.Debug|x64.ActiveCfg = Debug|Any CPU
		{44BB3398-1B2B-4575-B25B-9D4D831EC3B0}.Debug|x64.Build.0 = Debug|Any CPU
		{44BB3398-1B2B-4575-B25B-9D4D831EC3B0}.Debug|x86.ActiveCfg = Debug|Any CPU
		{44BB3398-1B2B-4575-B25B-9D4D831EC3B0}.Debug|x86.Build.0 = Debug|Any CPU
		{44BB3398-1B2B-4575-B25B-9D4D831EC3B0}.Release|Any CPU.ActiveCfg = Release|Any CPU
		{44BB3398-1B2B-4575-B25B-9D4D831EC3B0}.Release|Any CPU.Build.0 = Release|Any CPU
		{44BB3398-1B2B-4575-B25B-9D4D831EC3B0}.Release|x64.ActiveCfg = Release|Any CPU
		{44BB3398-1B2B-4575-B25B-9D4D831EC3B0}.Release|x64.Build.0 = Release|Any CPU
		{44BB3398-1B2B-4575-B25B-9D4D831EC3B0}.Release|x86.ActiveCfg = Release|Any CPU
		{44BB3398-1B2B-4575-B25B-9D4D831EC3B0}.Release|x86.Build.0 = Release|Any CPU
	EndGlobalSection
	GlobalSection(SolutionProperties) = preSolution
		HideSolutionNode = FALSE
	EndGlobalSection
EndGlobal
